
Microsoft Visual Studio Solution File, Format Version 12.00
# Visual Studio 15
VisualStudioVersion = 15.0.33529.398
MinimumVisualStudioVersion = 10.0.40219.1
Project("{8BC9CEB8-8B4A-11D0-8D11-00A0C91BC942}") = "Xprotect", "Xprotect\Xprotect.vcxproj", "{28CA116A-E572-4826-AEBC-3E2300429E22}"
EndProject
Project("{8BC9CEB8-8B4A-11D0-8D11-00A0C91BC942}") = "XSafe", "XSafe\XSafe.vcxproj", "{692E762E-F871-412D-A057-AD1BABC84489}"
EndProject
Project("{8BC9CEB8-8B4A-11D0-8D11-00A0C91BC942}") = "XGua", "XGua\XGua.vcxproj", "{D502BAA7-4069-4F78-B6B7-92BA569F0835}"
EndProject
Project("{8BC9CEB8-8B4A-11D0-8D11-00A0C91BC942}") = "XGame", "XGame\XGame.vcxproj", "{1A270BC3-3596-483C-88D3-D177EEA6568C}"
EndProject
Global
	GlobalSection(SolutionConfigurationPlatforms) = preSolution
		Debug|ARM = Debug|ARM
		Debug|ARM64 = Debug|ARM64
		Debug|x64 = Debug|x64
		Debug|x86 = Debug|x86
		Release|ARM = Release|ARM
		Release|ARM64 = Release|ARM64
		Release|x64 = Release|x64
		Release|x86 = Release|x86
	EndGlobalSection
	GlobalSection(ProjectConfigurationPlatforms) = postSolution
		{28CA116A-E572-4826-AEBC-3E2300429E22}.Debug|ARM.ActiveCfg = Debug|ARM
		{28CA116A-E572-4826-AEBC-3E2300429E22}.Debug|ARM.Build.0 = Debug|ARM
		{28CA116A-E572-4826-AEBC-3E2300429E22}.Debug|ARM.Deploy.0 = Debug|ARM
		{28CA116A-E572-4826-AEBC-3E2300429E22}.Debug|ARM64.ActiveCfg = Debug|ARM64
		{28CA116A-E572-4826-AEBC-3E2300429E22}.Debug|ARM64.Build.0 = Debug|ARM64
		{28CA116A-E572-4826-AEBC-3E2300429E22}.Debug|ARM64.Deploy.0 = Debug|ARM64
		{28CA116A-E572-4826-AEBC-3E2300429E22}.Debug|x64.ActiveCfg = Debug|x64
		{28CA116A-E572-4826-AEBC-3E2300429E22}.Debug|x64.Build.0 = Debug|x64
		{28CA116A-E572-4826-AEBC-3E2300429E22}.Debug|x64.Deploy.0 = Debug|x64
		{28CA116A-E572-4826-AEBC-3E2300429E22}.Debug|x86.ActiveCfg = Debug|Win32
		{28CA116A-E572-4826-AEBC-3E2300429E22}.Debug|x86.Build.0 = Debug|Win32
		{28CA116A-E572-4826-AEBC-3E2300429E22}.Debug|x86.Deploy.0 = Debug|Win32
		{28CA116A-E572-4826-AEBC-3E2300429E22}.Release|ARM.ActiveCfg = Release|ARM
		{28CA116A-E572-4826-AEBC-3E2300429E22}.Release|ARM.Build.0 = Release|ARM
		{28CA116A-E572-4826-AEBC-3E2300429E22}.Release|ARM.Deploy.0 = Release|ARM
		{28CA116A-E572-4826-AEBC-3E2300429E22}.Release|ARM64.ActiveCfg = Release|ARM64
		{28CA116A-E572-4826-AEBC-3E2300429E22}.Release|ARM64.Build.0 = Release|ARM64
		{28CA116A-E572-4826-AEBC-3E2300429E22}.Release|ARM64.Deploy.0 = Release|ARM64
		{28CA116A-E572-4826-AEBC-3E2300429E22}.Release|x64.ActiveCfg = Release|x64
		{28CA116A-E572-4826-AEBC-3E2300429E22}.Release|x64.Build.0 = Release|x64
		{28CA116A-E572-4826-AEBC-3E2300429E22}.Release|x64.Deploy.0 = Release|x64
		{28CA116A-E572-4826-AEBC-3E2300429E22}.Release|x86.ActiveCfg = Release|Win32
		{28CA116A-E572-4826-AEBC-3E2300429E22}.Release|x86.Build.0 = Release|Win32
		{28CA116A-E572-4826-AEBC-3E2300429E22}.Release|x86.Deploy.0 = Release|Win32
		{692E762E-F871-412D-A057-AD1BABC84489}.Debug|ARM.ActiveCfg = Debug|ARM
		{692E762E-F871-412D-A057-AD1BABC84489}.Debug|ARM.Build.0 = Debug|ARM
		{692E762E-F871-412D-A057-AD1BABC84489}.Debug|ARM.Deploy.0 = Debug|ARM
		{692E762E-F871-412D-A057-AD1BABC84489}.Debug|ARM64.ActiveCfg = Debug|ARM64
		{692E762E-F871-412D-A057-AD1BABC84489}.Debug|ARM64.Build.0 = Debug|ARM64
		{692E762E-F871-412D-A057-AD1BABC84489}.Debug|ARM64.Deploy.0 = Debug|ARM64
		{692E762E-F871-412D-A057-AD1BABC84489}.Debug|x64.ActiveCfg = Debug|x64
		{692E762E-F871-412D-A057-AD1BABC84489}.Debug|x64.Build.0 = Debug|x64
		{692E762E-F871-412D-A057-AD1BABC84489}.Debug|x64.Deploy.0 = Debug|x64
		{692E762E-F871-412D-A057-AD1BABC84489}.Debug|x86.ActiveCfg = Debug|Win32
		{692E762E-F871-412D-A057-AD1BABC84489}.Debug|x86.Build.0 = Debug|Win32
		{692E762E-F871-412D-A057-AD1BABC84489}.Debug|x86.Deploy.0 = Debug|Win32
		{692E762E-F871-412D-A057-AD1BABC84489}.Release|ARM.ActiveCfg = Release|ARM
		{692E762E-F871-412D-A057-AD1BABC84489}.Release|ARM.Build.0 = Release|ARM
		{692E762E-F871-412D-A057-AD1BABC84489}.Release|ARM.Deploy.0 = Release|ARM
		{692E762E-F871-412D-A057-AD1BABC84489}.Release|ARM64.ActiveCfg = Release|ARM64
		{692E762E-F871-412D-A057-AD1BABC84489}.Release|ARM64.Build.0 = Release|ARM64
		{692E762E-F871-412D-A057-AD1BABC84489}.Release|ARM64.Deploy.0 = Release|ARM64
		{692E762E-F871-412D-A057-AD1BABC84489}.Release|x64.ActiveCfg = Release|x64
		{692E762E-F871-412D-A057-AD1BABC84489}.Release|x64.Build.0 = Release|x64
		{692E762E-F871-412D-A057-AD1BABC84489}.Release|x64.Deploy.0 = Release|x64
		{692E762E-F871-412D-A057-AD1BABC84489}.Release|x86.ActiveCfg = Release|Win32
		{692E762E-F871-412D-A057-AD1BABC84489}.Release|x86.Build.0 = Release|Win32
		{692E762E-F871-412D-A057-AD1BABC84489}.Release|x86.Deploy.0 = Release|Win32
		{D502BAA7-4069-4F78-B6B7-92BA569F0835}.Debug|ARM.ActiveCfg = Debug|Win32
		{D502BAA7-4069-4F78-B6B7-92BA569F0835}.Debug|ARM64.ActiveCfg = Debug|Win32
		{D502BAA7-4069-4F78-B6B7-92BA569F0835}.Debug|x64.ActiveCfg = Debug|x64
		{D502BAA7-4069-4F78-B6B7-92BA569F0835}.Debug|x64.Build.0 = Debug|x64
		{D502BAA7-4069-4F78-B6B7-92BA569F0835}.Debug|x86.ActiveCfg = Debug|Win32
		{D502BAA7-4069-4F78-B6B7-92BA569F0835}.Debug|x86.Build.0 = Debug|Win32
		{D502BAA7-4069-4F78-B6B7-92BA569F0835}.Release|ARM.ActiveCfg = Release|Win32
		{D502BAA7-4069-4F78-B6B7-92BA569F0835}.Release|ARM64.ActiveCfg = Release|Win32
		{D502BAA7-4069-4F78-B6B7-92BA569F0835}.Release|x64.ActiveCfg = Release|x64
		{D502BAA7-4069-4F78-B6B7-92BA569F0835}.Release|x64.Build.0 = Release|x64
		{D502BAA7-4069-4F78-B6B7-92BA569F0835}.Release|x86.ActiveCfg = Release|Win32
		{D502BAA7-4069-4F78-B6B7-92BA569F0835}.Release|x86.Build.0 = Release|Win32
		{1A270BC3-3596-483C-88D3-D177EEA6568C}.Debug|ARM.ActiveCfg = Debug|Win32
		{1A270BC3-3596-483C-88D3-D177EEA6568C}.Debug|ARM64.ActiveCfg = Debug|Win32
		{1A270BC3-3596-483C-88D3-D177EEA6568C}.Debug|x64.ActiveCfg = Debug|x64
		{1A270BC3-3596-483C-88D3-D177EEA6568C}.Debug|x64.Build.0 = Debug|x64
		{1A270BC3-3596-483C-88D3-D177EEA6568C}.Debug|x86.ActiveCfg = Debug|Win32
		{1A270BC3-3596-483C-88D3-D177EEA6568C}.Debug|x86.Build.0 = Debug|Win32
		{1A270BC3-3596-483C-88D3-D177EEA6568C}.Release|ARM.ActiveCfg = Release|Win32
		{1A270BC3-3596-483C-88D3-D177EEA6568C}.Release|ARM64.ActiveCfg = Release|Win32
		{1A270BC3-3596-483C-88D3-D177EEA6568C}.Release|x64.ActiveCfg = Release|x64
		{1A270BC3-3596-483C-88D3-D177EEA6568C}.Release|x64.Build.0 = Release|x64
		{1A270BC3-3596-483C-88D3-D177EEA6568C}.Release|x86.ActiveCfg = Release|Win32
		{1A270BC3-3596-483C-88D3-D177EEA6568C}.Release|x86.Build.0 = Release|Win32
	EndGlobalSection
	GlobalSection(SolutionProperties) = preSolution
		HideSolutionNode = FALSE
	EndGlobalSection
	GlobalSection(ExtensibilityGlobals) = postSolution
		SolutionGuid = {F3DA20A9-A0EA-4563-9FA2-9F6ABF42A2A3}
	EndGlobalSection
EndGlobal
